version = 1
revision = 3
requires-python = ">=3.12"

[[package]]
name = "confluent-kafka"
version = "2.15.0"
source = { registry = "https://pypi.org/simple" }
sdist = { url = "https://files.pythonhosted.org/packages/51/90/eb998fedefb63b42910b54b76b7d300ccddc56430a5175122eb60cedc4f3/confluent_kafka-2.15.0.tar.gz", hash = "sha256:7ad9bad1cbabf6713ec039b8204b48d322024fd11397eec88d912e048c732ba7", size = 323365, upload-time = "2026-06-30T19:48:43.395Z" }
wheels = [
    { url = "https://files.pythonhosted.org/packages/7a/b3/34811eb66633dce51f583cd0ea5d78a26c9a135847d7dbd536fc5a963055/confluent_kafka-2.15.0-cp312-cp312-macosx_10_9_x86_64.whl", hash = "sha256:6e5ea2933c0b07782a99dfdfc9d52e92526e7a61839a6994feb994dcf2a78a74", size = 4367689, upload-time = "2026-06-30T19:48:00.855Z" },
    { url = "https://files.pythonhosted.org/packages/8f/08/9fea6928cd1e678df0be930206e631bb7e44e7ed54560f5b3f76352187ff/confluent_kafka-2.15.0-cp312-cp312-macosx_11_0_arm64.whl", hash = "sha256:e4465a060ab215d5d514b181f3e7502c6fd7887529381c4af940a0b60f9d65cc", size = 4338594, upload-time = "2026-06-30T19:48:02.469Z" },
    { url = "https://files.pythonhosted.org/packages/25/5f/f9728a100ba40d31a957c5f5cb594ea7d49fd1188002543d3543349a063a/confluent_kafka-2.15.0-cp312-cp312-manylinux_2_28_aarch64.whl", hash = "sha256:b68e6f441866542c9150e6fdf106131eee5a51db591937888c866d799fb354ec", size = 4979384, upload-time = "2026-06-30T19:48:04.127Z" },
    { url = "https://files.pythonhosted.org/packages/8b/2e/9f80cae9dd7b4852b8a24f9f91001916b987a2ba359e9f077c43ca41d5da/confluent_kafka-2.15.0-cp312-cp312-manylinux_2_28_x86_64.whl", hash = "sha256:fd833dab1392f456b9dd52b7ed9ac65b2cc36871ed5e3ebe8d53486c965b6453", size = 4785580, upload-time = "2026-06-30T19:48:05.841Z" },
    { url = "https://files.pythonhosted.org/packages/6e/b6/02f73ed259d5be5fbbc8dde41527cad097eca56ab7831026039c8abbaffc/confluent_kafka-2.15.0-cp312-cp312-win_amd64.whl", hash = "sha256:2cc8d01a77c534669bb896f731c8917cd63b787618081fdd0d1420d58cd6815b", size = 4549188, upload-time = "2026-06-30T19:48:07.426Z" },
    { url = "https://files.pythonhosted.org/packages/b0/80/c7bba18644fb748fc1202e2652230652d243c764fc158798d9f2096513c4/confluent_kafka-2.15.0-cp313-cp313-macosx_13_0_arm64.whl", hash = "sha256:ff43508f8e929d83545272ef4f17e27fdaa9cc8397f77cf2236b22d67de4edc4", size = 4343586, upload-time = "2026-06-30T19:48:09.272Z" },
    { url = "https://files.pythonhosted.org/packages/fa/41/0be8143a944c70c6055e8d0fb713964ebe173494e280451c927fa02247ab/confluent_kafka-2.15.0-cp313-cp313-macosx_13_0_x86_64.whl", hash = "sha256:41d4c7360c51202785e8e9aa56241dd392b9dbcc311eae7c5e6985b239efc12b", size = 4371325, upload-time = "2026-06-30T19:48:10.996Z" },
    { url = "https://files.pythonhosted.org/packages/e2/3c/d5c83c20599a82faa065b922b55338c672a268fa2ac75f54e53bed8913d7/confluent_kafka-2.15.0-cp313-cp313-manylinux_2_28_aarch64.whl", hash = "sha256:b0ac3831aac47ea23699a6ca5b9836288a4b9d201015dbfc4c3ec9f20592fdb5", size = 4979865, upload-time = "2026-06-30T19:48:12.447Z" },
    { url = "https://files.pythonhosted.org/packages/40/79/5be34236697e8fabbed5534a67100b9d9d11c210de55ba3ba2590d7d7634/confluent_kafka-2.15.0-cp313-cp313-manylinux_2_28_x86_64.whl", hash = "sha256:0455754e8294e1e76cb5acc083c300b6bd8d88f2d2c551c583cbf4ab55889a57", size = 4785955, upload-time = "2026-06-30T19:48:14.055Z" },
    { url = "https://files.pythonhosted.org/packages/94/ff/4da4e954040769d46111f3c0e5b3e76f2d3bc4b27c1deb5fd64fc9cc4055/confluent_kafka-2.15.0-cp313-cp313-win_amd64.whl", hash = "sha256:7c59ea36606e0e946e6b353203136b4d71be6d95c0c8ae5113b81850ff5b7b41", size = 4608827, upload-time = "2026-06-30T19:48:15.746Z" },
    { url = "https://files.pythonhosted.org/packages/18/20/5c078b9560b8005404e09a5889b9771e8deb5c9dddeb9003f58c7d028258/confluent_kafka-2.15.0-cp314-cp314-macosx_13_0_arm64.whl", hash = "sha256:e781d39ff31d5d10d0502471f92f95aff4f5be1eaae9a1f57aeac164bc9f9029", size = 4343440, upload-time = "2026-06-30T19:48:17.324Z" },
    { url = "https://files.pythonhosted.org/packages/aa/27/fd83281231b6179e3923822e20861dfc1d6c200edb910c3d8e9a15b9e95a/confluent_kafka-2.15.0-cp314-cp314-macosx_13_0_x86_64.whl", hash = "sha256:000463c822a7adc3293369b63688b68d17c03a1a4a64f86182efc08f8b150676", size = 4371051, upload-time = "2026-06-30T19:48:19.29Z" },
    { url = "https://files.pythonhosted.org/packages/5e/3e/fa82e6699144e707972bbf57489598defdf67e844ae2a7d29e0ea4e3a187/confluent_kafka-2.15.0-cp314-cp314-manylinux_2_28_aarch64.whl", hash = "sha256:9ddf4cf4647e5d633ef64e3f5a349d5288edfedf974203993e9d86548c2695be", size = 4979624, upload-time = "2026-06-30T19:48:21.454Z" },
    { url = "https://files.pythonhosted.org/packages/13/ee/b4b6a0da17584b432c83a0500ac79c04864ef92dafdb405614831b995232/confluent_kafka-2.15.0-cp314-cp314-manylinux_2_28_x86_64.whl", hash = "sha256:d8ed33f623ff2a104fb76f99a67e9917f0170fddb4e28380fcdc83347b1646b2", size = 4785678, upload-time = "2026-06-30T19:48:23.068Z" },
    { url = "https://files.pythonhosted.org/packages/a8/f4/19a852d16e8e4f8ac930037d8ecda21a220f6d5d050a59bbce10189ac9ec/confluent_kafka-2.15.0-cp314-cp314-win_amd64.whl", hash = "sha256:2e80bd96f61aae2ffba951754a769e6d3c5ebb5a5e778ed0ae8ad899ea91556b", size = 4744444, upload-time = "2026-06-30T19:48:24.698Z" },
]

[[package]]
name = "demos-mb-kafka"
version = "0.0.0"
source = { virtual = "." }
dependencies = [
    { name = "confluent-kafka" },
]

[package.metadata]
requires-dist = [{ name = "confluent-kafka" }]
